github.com/samsudin47/go-module v1.0.0 h1:/8GgrWStLQMK6gSu0MGLTbW/GfhcJghr8Z70RQYnqVA=
github.com/samsudin47/go-module v1.0.0/go.mod h1:mQfzD0KRT2qtuTOanVbmf3tOhlO6A+VbL/R6hY7g0KI=
github.com/samsudin47/go-module v1.2.0 h1:HkT9nYdcMP87Ufny3UG/ulY24GNLAoWqvW2IepwsOio=
github.com/samsudin47/go-module v1.2.0/go.mod h1:mQfzD0KRT2qtuTOanVbmf3tOhlO6A+VbL/R6hY7g0KI=
github.com/samsudin47/go-module/v2 v2.0.0 h1:CECyy8da5L00NjkZPqT5z0GJj53FpU0oQHpPv0xjUhY=
github.com/samsudin47/go-module/v2 v2.0.0/go.mod h1:8L5hOQ0IB++0nA1fmIqF8C/fIpIdoP3mB+IvqnqHzZo=
